SITE
  remote: http://community.opscode.com/api/v1
  specs:
    apt (2.0.0)
    build-essential (1.4.0)
    chef_handler (1.1.4)
    dmg (1.1.0)
    git (2.5.2)
      build-essential (>= 0.0.0)
      dmg (>= 0.0.0)
      runit (>= 1.0)
      windows (>= 0.0.0)
      yum (>= 0.0.0)
    logrotate (1.2.2)
    monit (0.7.1)
    openssl (1.0.2)
    postgresql (3.0.2)
      apt (>= 0.0.0)
      build-essential (>= 0.0.0)
      openssl (>= 0.0.0)
    puma (0.1.1)
      logrotate (>= 0.0.0)
      monit (>= 0.0.0)
    runit (1.1.6)
      build-essential (>= 0.0.0)
      yum (>= 0.0.0)
    windows (1.10.0)
      chef_handler (>= 0.0.0)
    yum (2.3.0)

PATH
  remote: chef/cookbooks/bitbox
  specs:
    bitbox (0.0.1)
      apt (>= 0.0.0)
      btsync (>= 0.0.0)
      git (>= 0.0.0)
      puma (>= 0.0.0)

PATH
  remote: chef/cookbooks/btsync
  specs:
    btsync (0.0.1)
      apt (>= 0.0.0)

DEPENDENCIES
  apt (>= 0)
  bitbox (>= 0)
  btsync (>= 0)
  build-essential (>= 0)
  git (>= 0)
  postgresql (>= 0)
  puma (>= 0)

